<?xml version="1.0" encoding="utf-8"?>
<Project ToolsVersion="4.0" xmlns="http://schemas.microsoft.com/developer/msbuild/2003">
  <ItemGroup>
    <Filter Include="Исходные файлы">
      <UniqueIdentifier>{4FC737F1-C7A5-4376-A066-2A32D752A2FF}</UniqueIdentifier>
      <Extensions>cpp;c;cc;cxx;c++;cppm;ixx;def;odl;idl;hpj;bat;asm;asmx</Extensions>
    </Filter>
    <Filter Include="Файлы заголовков">
      <UniqueIdentifier>{93995380-89BD-4b04-88EB-625FBE52EBFB}</UniqueIdentifier>
      <Extensions>h;hh;hpp;hxx;h++;hm;inl;inc;ipp;xsd</Extensions>
    </Filter>
    <Filter Include="Файлы ресурсов">
      <UniqueIdentifier>{67DA6AB6-F800-4c08-8B7A-83BB121AAD01}</UniqueIdentifier>
      <Extensions>rc;ico;cur;bmp;dlg;rc2;rct;bin;rgs;gif;jpg;jpeg;jpe;resx;tiff;tif;png;wav;mfcribbon-ms</Extensions>
    </Filter>
  </ItemGroup>
  <ItemGroup>
    <ClInclude Include="C:\Users\raisk\source\repos\OOP\OOP\Client.h">
      <Filter>Файлы заголовков</Filter>
    </ClInclude>
    <ClInclude Include="C:\Users\raisk\source\repos\OOP\OOP\Employee.h">
      <Filter>Файлы заголовков</Filter>
    </ClInclude>
    <ClInclude Include="C:\Users\raisk\source\repos\OOP\OOP\Entrances.h">
      <Filter>Файлы заголовков</Filter>
    </ClInclude>
    <ClInclude Include="C:\Users\raisk\source\repos\OOP\OOP\Human.h">
      <Filter>Файлы заголовков</Filter>
    </ClInclude>
    <ClInclude Include="C:\Users\raisk\source\repos\OOP\OOP\Items.h">
      <Filter>Файлы заголовков</Filter>
    </ClInclude>
    <ClInclude Include="C:\Users\raisk\source\repos\OOP\OOP\Service.h">
      <Filter>Файлы заголовков</Filter>
    </ClInclude>
    <ClInclude Include="C:\Users\raisk\source\repos\OOP\OOP\Shop.h">
      <Filter>Файлы заголовков</Filter>
    </ClInclude>
    <ClInclude Include="C:\Users\raisk\source\repos\OOP\OOP\Works.h">
      <Filter>Файлы заголовков</Filter>
    </ClInclude>
    <ClInclude Include="C:\Users\raisk\source\repos\OOP\OOP\ShopService.h">
      <Filter>Файлы заголовков</Filter>
    </ClInclude>
    <ClInclude Include="C:\Users\raisk\source\repos\OOP\OOP\Strings.h">
      <Filter>Файлы заголовков</Filter>
    </ClInclude>
  </ItemGroup>
  <ItemGroup>
    <ClCompile Include="C:\Users\raisk\source\repos\OOP\OOP\Client.cpp">
      <Filter>Исходные файлы</Filter>
    </ClCompile>
    <ClCompile Include="C:\Users\raisk\source\repos\OOP\OOP\Employers.cpp">
      <Filter>Исходные файлы</Filter>
    </ClCompile>
    <ClCompile Include="C:\Users\raisk\source\repos\OOP\OOP\Entrances.cpp">
      <Filter>Исходные файлы</Filter>
    </ClCompile>
    <ClCompile Include="C:\Users\raisk\source\repos\OOP\OOP\Human.cpp">
      <Filter>Исходные файлы</Filter>
    </ClCompile>
    <ClCompile Include="C:\Users\raisk\source\repos\OOP\OOP\Items.cpp">
      <Filter>Исходные файлы</Filter>
    </ClCompile>
    <ClCompile Include="C:\Users\raisk\source\repos\OOP\OOP\Main.cpp">
      <Filter>Исходные файлы</Filter>
    </ClCompile>
    <ClCompile Include="C:\Users\raisk\source\repos\OOP\OOP\Service.cpp">
      <Filter>Исходные файлы</Filter>
    </ClCompile>
    <ClCompile Include="C:\Users\raisk\source\repos\OOP\OOP\Shop.cpp">
      <Filter>Исходные файлы</Filter>
    </ClCompile>
    <ClCompile Include="C:\Users\raisk\source\repos\OOP\OOP\ShopService.cpp">
      <Filter>Исходные файлы</Filter>
    </ClCompile>
    <ClCompile Include="C:\Users\raisk\source\repos\OOP\OOP\Works.cpp">
      <Filter>Исходные файлы</Filter>
    </ClCompile>
  </ItemGroup>
  <ItemGroup>
    <Text Include="C:\Users\raisk\source\repos\OOP\OOP\Employers.txt">
      <Filter>Файлы ресурсов</Filter>
    </Text>
    <Text Include="C:\Users\raisk\source\repos\OOP\OOP\Goods.txt">
      <Filter>Файлы ресурсов</Filter>
    </Text>
    <Text Include="C:\Users\raisk\source\repos\OOP\OOP\LastID.txt">
      <Filter>Файлы ресурсов</Filter>
    </Text>
    <Text Include="C:\Users\raisk\source\repos\OOP\OOP\Works.txt">
      <Filter>Файлы ресурсов</Filter>
    </Text>
  </ItemGroup>
</Project>